
Microsoft Visual Studio Solution File, Format Version 12.00
# Visual Studio Version 17
VisualStudioVersion = 17.5.33530.505
MinimumVisualStudioVersion = 10.0.40219.1
Project("{FAE04EC0-301F-11D3-BF4B-00C04F79EFBC}") = "RPS.UI", "RPS.UI\RPS.UI.csproj", "{10D28D33-5ED6-4A50-88ED-96F174747049}"
EndProject
Global
	GlobalSection(SolutionConfigurationPlatforms) = preSolution
		Debug|Any CPU = Debug|Any CPU
		Release|Any CPU = Release|Any CPU
	EndGlobalSection
	GlobalSection(ProjectConfigurationPlatforms) = postSolution
		{10D28D33-5ED6-4A50-88ED-96F174747049}.Debug|Any CPU.ActiveCfg = Debug|Any CPU
		{10D28D33-5ED6-4A50-88ED-96F174747049}.Debug|Any CPU.Build.0 = Debug|Any CPU
		{10D28D33-5ED6-4A50-88ED-96F174747049}.Debug|Any CPU.Deploy.0 = Debug|Any CPU
		{10D28D33-5ED6-4A50-88ED-96F174747049}.Release|Any CPU.ActiveCfg = Release|Any CPU
		{10D28D33-5ED6-4A50-88ED-96F174747049}.Release|Any CPU.Build.0 = Release|Any CPU
		{10D28D33-5ED6-4A50-88ED-96F174747049}.Release|Any CPU.Deploy.0 = Release|Any CPU
	EndGlobalSection
	GlobalSection(SolutionProperties) = preSolution
		HideSolutionNode = FALSE
	EndGlobalSection
	GlobalSection(ExtensibilityGlobals) = postSolution
		SolutionGuid = {24A719C3-B7D6-46CB-819F-AEF2BE8E11CC}
	EndGlobalSection
EndGlobal
